# THIS IS AN AUTOGENERATED FILE. DO NOT EDIT THIS FILE DIRECTLY.
# yarn lockfile v1


expect.js@0.3.1:
  version "0.3.1"
  resolved "https://registry.yarnpkg.com/expect.js/-/expect.js-0.3.1.tgz#b0a59a0d2eff5437544ebf0ceaa6015841d09b5b"
  integrity sha1-sKWaDS7/VDdUTr8M6qYBWEHQm1s=

"lodash@npm:@elastic/lodash@3.10.1-kibana1":
  version "3.10.1-kibana1"
  resolved "https://registry.yarnpkg.com/@elastic/lodash/-/lodash-3.10.1-kibana1.tgz#9baa52c296ec06a52461f8516bb94172ef53a7fe"
  integrity sha512-JIL1V6Kd9mhm7OCO5nmpMF8hW2iw1godcXgBikhIlTvsu6hBA8Xnxfc/AukdysTfJo4zWaZ8PzlJX/hKN/DlDA==
