lockfileVersion: '9.0'

importers:
  '.':
    dependencies:
      '@elastic/package-a':
        specifier: ^1.0.0
        version: 1.0.0
      '@elastic/package-b':
        specifier: ^2.0.0
        version: 2.0.0

snapshots:
  '@elastic/package-a@1.0.0':
    dependencies:
      '@elastic/native-module': 1.0.0
  '@elastic/package-b@2.0.0': {}
  '@elastic/native-module@1.0.0': {}
