# THIS IS AN AUTOGENERATED FILE. DO NOT EDIT THIS FILE DIRECTLY.

native-module@^1.0.0:
  version "1.0.0"
  resolved "https://registry.yarnpkg.com/native-module/-/native-module-1.0.0.tgz"
  integrity sha1-example789

package-b@^2.0.0:
  version "2.0.0"
  resolved "https://registry.yarnpkg.com/package-b/-/package-b-2.0.0.tgz"
  integrity sha1-example456
