# THIS IS AN AUTOGENERATED FILE. DO NOT EDIT THIS FILE DIRECTLY.
# yarn lockfile v1


css-element-queries@0.3.2:
  version "0.3.2"
  resolved "https://logrhythm.jfrog.io/logrhythm/api/npm/npm-virtual/css-element-queries/-/css-element-queries-0.3.2.tgz#535d80891b3af21395d005f19905fe5154b5ccff"
  integrity sha1-U12AiRs68hOV0AXxmQX+UVS1zP8=

randomcolor@0.5.0:
  version "0.5.0"
  resolved "https://logrhythm.jfrog.io/logrhythm/api/npm/npm-virtual/randomcolor/-/randomcolor-0.5.0.tgz#1a7dde4b853a178ba34d4e4d0fc7392b8ec72e3c"
  integrity sha1-Gn3eS4U6F4ujTU5ND8c5K47HLjw=

vis@4.16.1:
  version "4.16.1"
  resolved "https://logrhythm.jfrog.io/logrhythm/api/npm/npm-virtual/vis/-/vis-4.16.1.tgz#db6c8453afa2f8fe0bdc4866c8df77936e52febe"
  integrity sha1-22yEU6+i+P4L3EhmyN93k25S/r4=
