{
  "name": "@elastic/kbn-types",
  "version": "0.0.1",
  "lockfileVersion": 1,
  "requires": true,
  "dependencies": {
    "typescript": {
      "version": "2.5.1",
      "resolved": "https://registry.npmjs.org/typescript/-/typescript-2.5.1.tgz",
      "integrity": "sha1-znzJOto94ZR1zJ0X463qeu4YMqo=",
      "dev": true
    }
  }
}
