# THIS IS AN AUTOGENERATED FILE. DO NOT EDIT THIS FILE DIRECTLY.
# yarn lockfile v1


"@kbn/internal-native-observable@link:../kbn-internal-native-observable":
  version "0.0.0"
  uid ""

"@kbn/observable@link:../kbn-observable":
  version "0.0.0"
  uid ""

"@kbn/utils@link:../kbn-utils":
  version "0.0.0"
  uid ""

rxjs@5.4.3:
  version "5.4.3"
  resolved "https://registry.yarnpkg.com/rxjs/-/rxjs-5.4.3.tgz#0758cddee6033d68e0fd53676f0f3596ce3d483f"
  dependencies:
    symbol-observable "^1.0.1"

symbol-observable@1.0.4:
  version "1.0.4"
  resolved "https://registry.yarnpkg.com/symbol-observable/-/symbol-observable-1.0.4.tgz#29bf615d4aa7121bdd898b22d4b3f9bc4e2aa03d"

symbol-observable@^1.0.1:
  version "1.2.0"
  resolved "https://registry.yarnpkg.com/symbol-observable/-/symbol-observable-1.2.0.tgz#c22688aed4eab3cdc2dfeacbb561660560a00804"

typescript@^2.7.1:
  version "2.7.1"
  resolved "https://registry.yarnpkg.com/typescript/-/typescript-2.7.1.tgz#bb3682c2c791ac90e7c6210b26478a8da085c359"
