# THIS IS AN AUTOGENERATED FILE. DO NOT EDIT THIS FILE DIRECTLY.
# yarn lockfile v1


"@types/boom@3.2.2":
  version "3.2.2"
  resolved "https://registry.yarnpkg.com/@types/boom/-/boom-3.2.2.tgz#6773bb1bbfec111f5ea683874b8d932157d58885"
  dependencies:
    "@types/node" "*"

"@types/color-convert@*":
  version "1.9.0"
  resolved "https://registry.yarnpkg.com/@types/color-convert/-/color-convert-1.9.0.tgz#bfa8203e41e7c65471e9841d7e306a7cd8b5172d"
  dependencies:
    "@types/color-name" "*"

"@types/color-name@*":
  version "1.1.0"
  resolved "https://registry.yarnpkg.com/@types/color-name/-/color-name-1.1.0.tgz#926f76f7e66f49cc59ad880bb15b030abbf0b66d"

"@types/color@^3.0.0":
  version "3.0.0"
  resolved "https://registry.yarnpkg.com/@types/color/-/color-3.0.0.tgz#40f8a6bf2fd86e969876b339a837d8ff1b0a6e30"
  dependencies:
    "@types/color-convert" "*"

"@types/lodash@^4.14.110":
  version "4.14.116"
  resolved "https://registry.yarnpkg.com/@types/lodash/-/lodash-4.14.116.tgz#5ccf215653e3e8c786a58390751033a9adca0eb9"

"@types/node@*":
  version "10.11.4"
  resolved "https://registry.yarnpkg.com/@types/node/-/node-10.11.4.tgz#e8bd933c3f78795d580ae41d86590bfc1f4f389d"

boom@3.1.1:
  version "3.1.1"
  resolved "https://registry.yarnpkg.com/boom/-/boom-3.1.1.tgz#b6424f01ed8d492b2b12ae86047c24e8b6a7c937"
  dependencies:
    hoek "3.x.x"

hoek@3.x.x:
  version "3.0.4"
  resolved "https://registry.yarnpkg.com/hoek/-/hoek-3.0.4.tgz#268adff66bb6695c69b4789a88b1e0847c3f3123"

lodash@^4.17.10:
  version "4.17.11"
  resolved "https://registry.yarnpkg.com/lodash/-/lodash-4.17.11.tgz#b39ea6229ef607ecd89e2c8df12536891cac9b8d"
