# THIS IS AN AUTOGENERATED FILE. DO NOT EDIT THIS FILE DIRECTLY.
# yarn lockfile v1


"@types/boom@3.2.2":
  version "3.2.2"
  resolved "https://registry.yarnpkg.com/@types/boom/-/boom-3.2.2.tgz#6773bb1bbfec111f5ea683874b8d932157d58885"
  dependencies:
    "@types/node" "*"

"@types/color-convert@*":
  version "1.9.0"
  resolved "https://registry.yarnpkg.com/@types/color-convert/-/color-convert-1.9.0.tgz#bfa8203e41e7c65471e9841d7e306a7cd8b5172d"
  dependencies:
    "@types/color-name" "*"

"@types/color-name@*":
  version "1.1.0"
  resolved "https://registry.yarnpkg.com/@types/color-name/-/color-name-1.1.0.tgz#926f76f7e66f49cc59ad880bb15b030abbf0b66d"

"@types/color@^3.0.0":
  version "3.0.0"
  resolved "https://registry.yarnpkg.com/@types/color/-/color-3.0.0.tgz#40f8a6bf2fd86e969876b339a837d8ff1b0a6e30"
  dependencies:
    "@types/color-convert" "*"

"@types/lodash@^4.14.110":
  version "4.14.110"
  resolved "https://registry.yarnpkg.com/@types/lodash/-/lodash-4.14.110.tgz#fb07498f84152947f30ea09d89207ca07123461e"

<<<<<<< HEAD
"@types/node@*":
  version "10.11.4"
  resolved "https://registry.yarnpkg.com/@types/node/-/node-10.11.4.tgz#e8bd933c3f78795d580ae41d86590bfc1f4f389d"

boom@3.1.1:
  version "3.1.1"
  resolved "https://registry.yarnpkg.com/boom/-/boom-3.1.1.tgz#b6424f01ed8d492b2b12ae86047c24e8b6a7c937"
  dependencies:
    hoek "3.x.x"

hoek@3.x.x:
  version "3.0.4"
  resolved "https://registry.yarnpkg.com/hoek/-/hoek-3.0.4.tgz#268adff66bb6695c69b4789a88b1e0847c3f3123"
=======
classnames@^2.2.5:
  version "2.2.6"
  resolved "https://registry.yarnpkg.com/classnames/-/classnames-2.2.6.tgz#43935bffdd291f326dad0a205309b38d00f650ce"

"js-tokens@^3.0.0 || ^4.0.0":
  version "4.0.0"
  resolved "https://registry.yarnpkg.com/js-tokens/-/js-tokens-4.0.0.tgz#19203fb59991df98e3a287050d4647cdeaf32499"
>>>>>>> wip to create global date picker

lodash@^4.17.10:
  version "4.17.10"
  resolved "https://registry.yarnpkg.com/lodash/-/lodash-4.17.10.tgz#1b7793cf7259ea38fb3661d4d38b3260af8ae4e7"

loose-envify@^1.3.1:
  version "1.4.0"
  resolved "https://registry.yarnpkg.com/loose-envify/-/loose-envify-1.4.0.tgz#71ee51fa7be4caec1a63839f7e682d8132d30caf"
  dependencies:
    js-tokens "^3.0.0 || ^4.0.0"

object-assign@^4.1.1:
  version "4.1.1"
  resolved "https://registry.yarnpkg.com/object-assign/-/object-assign-4.1.1.tgz#2109adc7965887cfc05cbbd442cac8bfbb360863"

popper.js@^1.14.1:
  version "1.14.4"
  resolved "https://registry.yarnpkg.com/popper.js/-/popper.js-1.14.4.tgz#8eec1d8ff02a5a3a152dd43414a15c7b79fd69b6"

prop-types@^15.6.0, prop-types@^15.6.1:
  version "15.6.2"
  resolved "https://registry.yarnpkg.com/prop-types/-/prop-types-15.6.2.tgz#05d5ca77b4453e985d60fc7ff8c859094a497102"
  dependencies:
    loose-envify "^1.3.1"
    object-assign "^4.1.1"

react-datepicker@^1.6.0:
  version "1.6.0"
  resolved "https://registry.yarnpkg.com/react-datepicker/-/react-datepicker-1.6.0.tgz#6b7a87e949f3bbd94872554be6a0119bd908a987"
  dependencies:
    classnames "^2.2.5"
    prop-types "^15.6.0"
    react-onclickoutside "^6.7.1"
    react-popper "^0.9.1"

react-onclickoutside@^6.7.1:
  version "6.7.1"
  resolved "https://registry.yarnpkg.com/react-onclickoutside/-/react-onclickoutside-6.7.1.tgz#6a5b5b8b4eae6b776259712c89c8a2b36b17be93"

react-popper@^0.9.1:
  version "0.9.5"
  resolved "https://registry.yarnpkg.com/react-popper/-/react-popper-0.9.5.tgz#02a24ef3eec33af9e54e8358ab70eb0e331edd05"
  dependencies:
    popper.js "^1.14.1"
    prop-types "^15.6.1"
