# THIS IS AN AUTOGENERATED FILE. DO NOT EDIT THIS FILE DIRECTLY.
# yarn lockfile v1


"@types/jest@^22.1.3":
  version "22.1.3"
  resolved "https://registry.yarnpkg.com/@types/jest/-/jest-22.1.3.tgz#25da391935e6fac537551456f077ce03144ec168"

"@types/lodash@^4.14.104":
  version "4.14.104"
  resolved "https://registry.yarnpkg.com/@types/lodash/-/lodash-4.14.104.tgz#53ee2357fa2e6e68379341d92eb2ecea4b11bb80"

"@types/type-detect@^4.0.1":
  version "4.0.1"
  resolved "https://registry.yarnpkg.com/@types/type-detect/-/type-detect-4.0.1.tgz#3b0f5ac82ea630090cbf57c57a1bf5a63a29b9b6"

prettier@^1.10.2:
  version "1.10.2"
  resolved "https://registry.yarnpkg.com/prettier/-/prettier-1.10.2.tgz#1af8356d1842276a99a5b5529c82dd9e9ad3cc93"

type-detect@^4.0.8:
  version "4.0.8"
  resolved "https://registry.yarnpkg.com/type-detect/-/type-detect-4.0.8.tgz#7646fb5f18871cfbb7749e69bd39a6388eb7450c"

typescript@^2.7.2:
  version "2.7.2"
  resolved "https://registry.yarnpkg.com/typescript/-/typescript-2.7.2.tgz#2d615a1ef4aee4f574425cdff7026edf81919836"
