{
  "name": "kibana-plugin-timelion",
  "version": "1.0.0",
  "lockfileVersion": 1,
  "requires": true,
  "dependencies": {
    "kbn-types": {
      "version": "file:../../packages/kbn-types",
      "dev": true,
      "dependencies": {
        "typescript": {
          "version": "2.5.1",
          "bundled": true
        }
      }
    },
    "kibana-plugin-xpack": {
      "version": "file:../xpack",
      "dev": true,
      "dependencies": {
        "babel-core": {
          "version": "6.26.0",
          "bundled": true,
          "dev": true,
          "requires": {
            "babel-code-frame": "6.26.0",
            "babel-generator": "6.26.0",
            "babel-helpers": "6.24.1",
            "babel-messages": "6.23.0",
            "babel-register": "6.26.0",
            "babel-runtime": "6.26.0",
            "babel-template": "6.26.0",
            "babel-traverse": "6.26.0",
            "babel-types": "6.26.0",
            "babylon": "6.18.0",
            "convert-source-map": "1.5.0",
            "debug": "2.6.8",
            "private": "0.1.7",
            "slash": "1.0.0"
          }
        },
        "babel-generator": {
          "version": "6.26.0",
          "bundled": true,
          "dev": true,
          "requires": {
            "babel-messages": "6.23.0",
            "babel-runtime": "6.26.0",
            "babel-types": "6.26.0",
            "detect-indent": "4.0.0",
            "jsesc": "1.3.0",
            "trim-right": "1.0.1"
          }
        },
        "babel-helpers": {
          "version": "6.24.1",
          "bundled": true,
          "dev": true,
          "requires": {
            "babel-runtime": "6.26.0",
            "babel-template": "6.26.0"
          }
        },
        "babel-loader": {
          "version": "7.1.2",
          "bundled": true,
          "requires": {
            "find-cache-dir": "1.0.0"
          }
        },
        "babel-register": {
          "version": "6.26.0",
          "bundled": true,
          "dev": true,
          "requires": {
            "babel-core": "6.26.0",
            "babel-runtime": "6.26.0",
            "core-js": "2.5.0",
            "home-or-tmp": "2.0.0",
            "source-map-support": "0.4.16"
          }
        },
        "commondir": {
          "version": "1.0.1",
          "bundled": true
        },
        "convert-source-map": {
          "version": "1.5.0",
          "bundled": true,
          "dev": true
        },
        "detect-indent": {
          "version": "4.0.0",
          "bundled": true,
          "dev": true,
          "requires": {
            "repeating": "2.0.1"
          }
        },
        "find-cache-dir": {
          "version": "1.0.0",
          "bundled": true,
          "requires": {
            "commondir": "1.0.1",
            "make-dir": "1.0.0",
            "pkg-dir": "2.0.0"
          }
        },
        "home-or-tmp": {
          "version": "2.0.0",
          "bundled": true,
          "dev": true,
          "requires": {
            "os-homedir": "1.0.2",
            "os-tmpdir": "1.0.2"
          }
        },
        "is-finite": {
          "version": "1.0.2",
          "bundled": true,
          "dev": true
        },
        "jsesc": {
          "version": "1.3.0",
          "bundled": true,
          "dev": true
        },
        "kbn-types": {
          "version": "0.0.1",
          "bundled": true,
          "dependencies": {
            "typescript": {
              "version": "2.5.1",
              "bundled": true
            }
          }
        },
        "make-dir": {
          "version": "1.0.0",
          "bundled": true
        },
        "moment": {
          "version": "2.13.0",
          "bundled": true
        },
        "os-homedir": {
          "version": "1.0.2",
          "bundled": true,
          "dev": true
        },
        "os-tmpdir": {
          "version": "1.0.2",
          "bundled": true,
          "dev": true
        },
        "pkg-dir": {
          "version": "2.0.0",
          "bundled": true
        },
        "repeating": {
          "version": "2.0.1",
          "bundled": true,
          "dev": true,
          "requires": {
            "is-finite": "1.0.2"
          }
        },
        "rxjs": {
          "version": "5.4.2",
          "bundled": true,
          "requires": {
            "symbol-observable": "1.0.4"
          }
        },
        "slash": {
          "version": "1.0.0",
          "bundled": true,
          "dev": true
        },
        "symbol-observable": {
          "version": "1.0.4",
          "bundled": true
        },
        "trim-right": {
          "version": "1.0.1",
          "bundled": true,
          "dev": true
        },
        "typescript": {
          "version": "2.5.1",
          "bundled": true
        }
      }
    },
    "typescript": {
      "version": "2.5.3",
      "resolved": "https://registry.npmjs.org/typescript/-/typescript-2.5.3.tgz",
      "integrity": "sha512-ptLSQs2S4QuS6/OD1eAKG+S5G8QQtrU5RT32JULdZQtM1L3WTi34Wsu48Yndzi8xsObRAB9RPt/KhA9wlpEF6w==",
      "dev": true
    }
  }
}
